
Microsoft Visual Studio Solution File, Format Version 12.00
# Visual Studio Version 17
VisualStudioVersion = 17.5.002.0
MinimumVisualStudioVersion = 10.0.40219.1
Project("{9A19103F-16F7-4668-BE54-9A1E7A4F7556}") = "flunt-notification-pattern", "flunt-notification-pattern.csproj", "{B8DDC471-6307-4652-8CF5-B2AFBE4990E6}"
EndProject
Global
	GlobalSection(SolutionConfigurationPlatforms) = preSolution
		Debug|Any CPU = Debug|Any CPU
		Release|Any CPU = Release|Any CPU
	EndGlobalSection
	GlobalSection(ProjectConfigurationPlatforms) = postSolution
		{B8DDC471-6307-4652-8CF5-B2AFBE4990E6}.Debug|Any CPU.ActiveCfg = Debug|Any CPU
		{B8DDC471-6307-4652-8CF5-B2AFBE4990E6}.Debug|Any CPU.Build.0 = Debug|Any CPU
		{B8DDC471-6307-4652-8CF5-B2AFBE4990E6}.Release|Any CPU.ActiveCfg = Release|Any CPU
		{B8DDC471-6307-4652-8CF5-B2AFBE4990E6}.Release|Any CPU.Build.0 = Release|Any CPU
	EndGlobalSection
	GlobalSection(SolutionProperties) = preSolution
		HideSolutionNode = FALSE
	EndGlobalSection
	GlobalSection(ExtensibilityGlobals) = postSolution
		SolutionGuid = {704F164F-696F-4E8E-81AD-39F97851BED3}
	EndGlobalSection
EndGlobal
